<Solution>
  <Folder Name="/Backend/" />
  <Folder Name="/Backend/Localhost/">
    <Project Path="Backend/Localhost/RadiologyCenter.Localhost/RadiologyCenter.Localhost.csproj" />
  </Folder>
  <Folder Name="/Backend/BuildingBlocks/" />
  <Folder Name="/Backend/Modules/" />
  <Folder Name="/Desktop/">
    <Project Path="Desktop/RadiologyCenter.Desktop/RadiologyCenter.Desktop.csproj" />
  </Folder>
  <Folder Name="/UI/">
    <Project Path="UI/RadiologyCenter.UI/RadiologyCenter.UI.csproj" />
  </Folder>
</Solution>
